
Microsoft Visual Studio Solution File, Format Version 12.00
# Visual Studio Version 17
VisualStudioVersion = 17.11.35222.181
MinimumVisualStudioVersion = 10.0.40219.1
Project("{FAE04EC0-301F-11D3-BF4B-00C04F79EFBC}") = "zadanie4", "zadanie4\zadanie4.csproj", "{C59F7F44-A2AF-40EE-90FB-1413D6B4C6AB}"
EndProject
Global
	GlobalSection(SolutionConfigurationPlatforms) = preSolution
		Debug|Any CPU = Debug|Any CPU
		Release|Any CPU = Release|Any CPU
	EndGlobalSection
	GlobalSection(ProjectConfigurationPlatforms) = postSolution
		{C59F7F44-A2AF-40EE-90FB-1413D6B4C6AB}.Debug|Any CPU.ActiveCfg = Debug|Any CPU
		{C59F7F44-A2AF-40EE-90FB-1413D6B4C6AB}.Debug|Any CPU.Build.0 = Debug|Any CPU
		{C59F7F44-A2AF-40EE-90FB-1413D6B4C6AB}.Release|Any CPU.ActiveCfg = Release|Any CPU
		{C59F7F44-A2AF-40EE-90FB-1413D6B4C6AB}.Release|Any CPU.Build.0 = Release|Any CPU
	EndGlobalSection
	GlobalSection(SolutionProperties) = preSolution
		HideSolutionNode = FALSE
	EndGlobalSection
	GlobalSection(ExtensibilityGlobals) = postSolution
		SolutionGuid = {E8B9EECE-25BC-476C-8659-16A4CC5B2AC3}
	EndGlobalSection
EndGlobal
