
Microsoft Visual Studio Solution File, Format Version 12.00
# Visual Studio Version 17
VisualStudioVersion = 17.11.35222.181
MinimumVisualStudioVersion = 10.0.40219.1
Project("{FAE04EC0-301F-11D3-BF4B-00C04F79EFBC}") = "zadanie3", "zadanie3\zadanie3.csproj", "{3BD4E3D9-9A0E-48FE-86B0-3543D8168440}"
EndProject
Global
	GlobalSection(SolutionConfigurationPlatforms) = preSolution
		Debug|Any CPU = Debug|Any CPU
		Release|Any CPU = Release|Any CPU
	EndGlobalSection
	GlobalSection(ProjectConfigurationPlatforms) = postSolution
		{3BD4E3D9-9A0E-48FE-86B0-3543D8168440}.Debug|Any CPU.ActiveCfg = Debug|Any CPU
		{3BD4E3D9-9A0E-48FE-86B0-3543D8168440}.Debug|Any CPU.Build.0 = Debug|Any CPU
		{3BD4E3D9-9A0E-48FE-86B0-3543D8168440}.Release|Any CPU.ActiveCfg = Release|Any CPU
		{3BD4E3D9-9A0E-48FE-86B0-3543D8168440}.Release|Any CPU.Build.0 = Release|Any CPU
	EndGlobalSection
	GlobalSection(SolutionProperties) = preSolution
		HideSolutionNode = FALSE
	EndGlobalSection
	GlobalSection(ExtensibilityGlobals) = postSolution
		SolutionGuid = {B3D073F3-6739-4559-9128-061713A87B3D}
	EndGlobalSection
EndGlobal
